
Microsoft Visual Studio Solution File, Format Version 12.00
# Visual Studio Version 17
VisualStudioVersion = 17.6.33829.357
MinimumVisualStudioVersion = 10.0.40219.1
Project("{FAE04EC0-301F-11D3-BF4B-00C04F79EFBC}") = "bossfighter", "bossfighter\bossfighter.csproj", "{4087A5F3-94DF-4EFA-BA4B-5FAF7E59ED8B}"
EndProject
Global
	GlobalSection(SolutionConfigurationPlatforms) = preSolution
		Debug|Any CPU = Debug|Any CPU
		Release|Any CPU = Release|Any CPU
	EndGlobalSection
	GlobalSection(ProjectConfigurationPlatforms) = postSolution
		{4087A5F3-94DF-4EFA-BA4B-5FAF7E59ED8B}.Debug|Any CPU.ActiveCfg = Debug|Any CPU
		{4087A5F3-94DF-4EFA-BA4B-5FAF7E59ED8B}.Debug|Any CPU.Build.0 = Debug|Any CPU
		{4087A5F3-94DF-4EFA-BA4B-5FAF7E59ED8B}.Release|Any CPU.ActiveCfg = Release|Any CPU
		{4087A5F3-94DF-4EFA-BA4B-5FAF7E59ED8B}.Release|Any CPU.Build.0 = Release|Any CPU
	EndGlobalSection
	GlobalSection(SolutionProperties) = preSolution
		HideSolutionNode = FALSE
	EndGlobalSection
	GlobalSection(ExtensibilityGlobals) = postSolution
		SolutionGuid = {5093740A-D269-4B85-8297-5801F6491F15}
	EndGlobalSection
EndGlobal
